// !$*UTF8*$!
{
	archiveVersion = 1;
	classes = {
	};
	objectVersion = 51;
	objects = {

/* Begin PBXBuildFile section */
		4CA58000FEB0416875506EF3 /* Pods_VKPhotos.framework in Frameworks */ = {isa = PBXBuildFile; fileRef = 9FDB36E60767ADA2BA5C2634 /* Pods_VKPhotos.framework */; };
		9B07AB1026BD39A50050F768 /* AppDelegate.swift in Sources */ = {isa = PBXBuildFile; fileRef = 9B07AB0F26BD39A50050F768 /* AppDelegate.swift */; };
		9B07AB1226BD39A50050F768 /* SceneDelegate.swift in Sources */ = {isa = PBXBuildFile; fileRef = 9B07AB1126BD39A50050F768 /* SceneDelegate.swift */; };
		9B07AB1726BD39A50050F768 /* Main.storyboard in Resources */ = {isa = PBXBuildFile; fileRef = 9B07AB1526BD39A50050F768 /* Main.storyboard */; };
		9B07AB1926BD39A60050F768 /* Assets.xcassets in Resources */ = {isa = PBXBuildFile; fileRef = 9B07AB1826BD39A60050F768 /* Assets.xcassets */; };
		9B07AB1C26BD39A60050F768 /* LaunchScreen.storyboard in Resources */ = {isa = PBXBuildFile; fileRef = 9B07AB1A26BD39A60050F768 /* LaunchScreen.storyboard */; };
		9B07AB2926BD8EB90050F768 /* VKDelegate.swift in Sources */ = {isa = PBXBuildFile; fileRef = 9B07AB2826BD8EB90050F768 /* VKDelegate.swift */; };
		9B07AB2C26BD8F5A0050F768 /* VKHelper.swift in Sources */ = {isa = PBXBuildFile; fileRef = 9B07AB2B26BD8F5A0050F768 /* VKHelper.swift */; };
		9B07AB2F26BD90880050F768 /* Utils.swift in Sources */ = {isa = PBXBuildFile; fileRef = 9B07AB2E26BD90880050F768 /* Utils.swift */; };
		9B07AB3126BD9B4A0050F768 /* SplashScreenViewController.swift in Sources */ = {isa = PBXBuildFile; fileRef = 9B07AB3026BD9B4A0050F768 /* SplashScreenViewController.swift */; };
		9B07AB3326BD9FD10050F768 /* LoginViewController.swift in Sources */ = {isa = PBXBuildFile; fileRef = 9B07AB3226BD9FD10050F768 /* LoginViewController.swift */; };
		9B07AB3726BDA06D0050F768 /* PhotosViewController.swift in Sources */ = {isa = PBXBuildFile; fileRef = 9B07AB3626BDA06D0050F768 /* PhotosViewController.swift */; };
		9B07AB3B26BDA2350050F768 /* VKLoginButton.swift in Sources */ = {isa = PBXBuildFile; fileRef = 9B07AB3A26BDA2350050F768 /* VKLoginButton.swift */; };
		9B07AB3D26BDA24F0050F768 /* VKLoginButton.xib in Resources */ = {isa = PBXBuildFile; fileRef = 9B07AB3C26BDA24F0050F768 /* VKLoginButton.xib */; };
		9B07AB4026BDAC940050F768 /* UIColorExtensions.swift in Sources */ = {isa = PBXBuildFile; fileRef = 9B07AB3F26BDAC940050F768 /* UIColorExtensions.swift */; };
		9B07AB4326BDBFD50050F768 /* Photos.swift in Sources */ = {isa = PBXBuildFile; fileRef = 9B07AB4226BDBFD50050F768 /* Photos.swift */; };
		9B07AB4926BE49D70050F768 /* SquarePhotoCell.swift in Sources */ = {isa = PBXBuildFile; fileRef = 9B07AB4726BE49D70050F768 /* SquarePhotoCell.swift */; };
		9B07AB4A26BE49D70050F768 /* SquarePhotoCell.xib in Resources */ = {isa = PBXBuildFile; fileRef = 9B07AB4826BE49D70050F768 /* SquarePhotoCell.xib */; };
		9B07AB4C26BE81860050F768 /* UserData.swift in Sources */ = {isa = PBXBuildFile; fileRef = 9B07AB4B26BE81860050F768 /* UserData.swift */; };
		9B07AB4E26BE92FC0050F768 /* PhotosModel.swift in Sources */ = {isa = PBXBuildFile; fileRef = 9B07AB4D26BE92FC0050F768 /* PhotosModel.swift */; };
		9B07AB5026BEA7AF0050F768 /* DetailPhotoViewController.swift in Sources */ = {isa = PBXBuildFile; fileRef = 9B07AB4F26BEA7AF0050F768 /* DetailPhotoViewController.swift */; };
/* End PBXBuildFile section */

/* Begin PBXFileReference section */
		2DA3BA9D75FAD34246ED4B6C /* Pods-VKPhotos.release.xcconfig */ = {isa = PBXFileReference; includeInIndex = 1; lastKnownFileType = text.xcconfig; name = "Pods-VKPhotos.release.xcconfig"; path = "Target Support Files/Pods-VKPhotos/Pods-VKPhotos.release.xcconfig"; sourceTree = "<group>"; };
		9B07AB0C26BD39A50050F768 /* VKPhotos.app */ = {isa = PBXFileReference; explicitFileType = wrapper.application; includeInIndex = 0; path = VKPhotos.app; sourceTree = BUILT_PRODUCTS_DIR; };
		9B07AB0F26BD39A50050F768 /* AppDelegate.swift */ = {isa = PBXFileReference; lastKnownFileType = sourcecode.swift; path = AppDelegate.swift; sourceTree = "<group>"; };
		9B07AB1126BD39A50050F768 /* SceneDelegate.swift */ = {isa = PBXFileReference; lastKnownFileType = sourcecode.swift; path = SceneDelegate.swift; sourceTree = "<group>"; };
		9B07AB1626BD39A50050F768 /* Base */ = {isa = PBXFileReference; lastKnownFileType = file.storyboard; name = Base; path = Base.lproj/Main.storyboard; sourceTree = "<group>"; };
		9B07AB1826BD39A60050F768 /* Assets.xcassets */ = {isa = PBXFileReference; lastKnownFileType = folder.assetcatalog; path = Assets.xcassets; sourceTree = "<group>"; };
		9B07AB1B26BD39A60050F768 /* Base */ = {isa = PBXFileReference; lastKnownFileType = file.storyboard; name = Base; path = Base.lproj/LaunchScreen.storyboard; sourceTree = "<group>"; };
		9B07AB1D26BD39A60050F768 /* Info.plist */ = {isa = PBXFileReference; lastKnownFileType = text.plist.xml; path = Info.plist; sourceTree = "<group>"; };
		9B07AB2826BD8EB90050F768 /* VKDelegate.swift */ = {isa = PBXFileReference; lastKnownFileType = sourcecode.swift; path = VKDelegate.swift; sourceTree = "<group>"; };
		9B07AB2B26BD8F5A0050F768 /* VKHelper.swift */ = {isa = PBXFileReference; lastKnownFileType = sourcecode.swift; path = VKHelper.swift; sourceTree = "<group>"; };
		9B07AB2E26BD90880050F768 /* Utils.swift */ = {isa = PBXFileReference; lastKnownFileType = sourcecode.swift; path = Utils.swift; sourceTree = "<group>"; };
		9B07AB3026BD9B4A0050F768 /* SplashScreenViewController.swift */ = {isa = PBXFileReference; lastKnownFileType = sourcecode.swift; path = SplashScreenViewController.swift; sourceTree = "<group>"; };
		9B07AB3226BD9FD10050F768 /* LoginViewController.swift */ = {isa = PBXFileReference; lastKnownFileType = sourcecode.swift; path = LoginViewController.swift; sourceTree = "<group>"; };
		9B07AB3626BDA06D0050F768 /* PhotosViewController.swift */ = {isa = PBXFileReference; lastKnownFileType = sourcecode.swift; path = PhotosViewController.swift; sourceTree = "<group>"; };
		9B07AB3A26BDA2350050F768 /* VKLoginButton.swift */ = {isa = PBXFileReference; lastKnownFileType = sourcecode.swift; path = VKLoginButton.swift; sourceTree = "<group>"; };
		9B07AB3C26BDA24F0050F768 /* VKLoginButton.xib */ = {isa = PBXFileReference; lastKnownFileType = file.xib; path = VKLoginButton.xib; sourceTree = "<group>"; };
		9B07AB3F26BDAC940050F768 /* UIColorExtensions.swift */ = {isa = PBXFileReference; lastKnownFileType = sourcecode.swift; path = UIColorExtensions.swift; sourceTree = "<group>"; };
		9B07AB4226BDBFD50050F768 /* Photos.swift */ = {isa = PBXFileReference; lastKnownFileType = sourcecode.swift; path = Photos.swift; sourceTree = "<group>"; };
		9B07AB4726BE49D70050F768 /* SquarePhotoCell.swift */ = {isa = PBXFileReference; lastKnownFileType = sourcecode.swift; path = SquarePhotoCell.swift; sourceTree = "<group>"; };
		9B07AB4826BE49D70050F768 /* SquarePhotoCell.xib */ = {isa = PBXFileReference; lastKnownFileType = file.xib; path = SquarePhotoCell.xib; sourceTree = "<group>"; };
		9B07AB4B26BE81860050F768 /* UserData.swift */ = {isa = PBXFileReference; lastKnownFileType = sourcecode.swift; path = UserData.swift; sourceTree = "<group>"; };
		9B07AB4D26BE92FC0050F768 /* PhotosModel.swift */ = {isa = PBXFileReference; lastKnownFileType = sourcecode.swift; path = PhotosModel.swift; sourceTree = "<group>"; };
		9B07AB4F26BEA7AF0050F768 /* DetailPhotoViewController.swift */ = {isa = PBXFileReference; lastKnownFileType = sourcecode.swift; path = DetailPhotoViewController.swift; sourceTree = "<group>"; };
		9FDB36E60767ADA2BA5C2634 /* Pods_VKPhotos.framework */ = {isa = PBXFileReference; explicitFileType = wrapper.framework; includeInIndex = 0; path = Pods_VKPhotos.framework; sourceTree = BUILT_PRODUCTS_DIR; };
		CE2093DE97DB0FC14475DFB7 /* Pods-VKPhotos.debug.xcconfig */ = {isa = PBXFileReference; includeInIndex = 1; lastKnownFileType = text.xcconfig; name = "Pods-VKPhotos.debug.xcconfig"; path = "Target Support Files/Pods-VKPhotos/Pods-VKPhotos.debug.xcconfig"; sourceTree = "<group>"; };
/* End PBXFileReference section */

/* Begin PBXFrameworksBuildPhase section */
		9B07AB0926BD39A50050F768 /* Frameworks */ = {
			isa = PBXFrameworksBuildPhase;
			buildActionMask = 2147483647;
			files = (
				4CA58000FEB0416875506EF3 /* Pods_VKPhotos.framework in Frameworks */,
			);
			runOnlyForDeploymentPostprocessing = 0;
		};
/* End PBXFrameworksBuildPhase section */

/* Begin PBXGroup section */
		0F46650F5F7C5B7489543B35 /* Frameworks */ = {
			isa = PBXGroup;
			children = (
				9FDB36E60767ADA2BA5C2634 /* Pods_VKPhotos.framework */,
			);
			name = Frameworks;
			sourceTree = "<group>";
		};
		9B07AB0326BD39A50050F768 = {
			isa = PBXGroup;
			children = (
				9B07AB0E26BD39A50050F768 /* VKPhotos */,
				9B07AB0D26BD39A50050F768 /* Products */,
				EE6BBF6EC9F6AFA2B2DF90AF /* Pods */,
				0F46650F5F7C5B7489543B35 /* Frameworks */,
			);
			sourceTree = "<group>";
		};
		9B07AB0D26BD39A50050F768 /* Products */ = {
			isa = PBXGroup;
			children = (
				9B07AB0C26BD39A50050F768 /* VKPhotos.app */,
			);
			name = Products;
			sourceTree = "<group>";
		};
		9B07AB0E26BD39A50050F768 /* VKPhotos */ = {
			isa = PBXGroup;
			children = (
				9B07AB1D26BD39A60050F768 /* Info.plist */,
				9B07AB2726BD8BCF0050F768 /* Delegates */,
				9B07AB3E26BDAC7B0050F768 /* Extensions */,
				9B07AB4126BDBF430050F768 /* Models */,
				9B07AB2426BD86E20050F768 /* Resources */,
				9B07AB2326BD86D40050F768 /* Storyboards */,
				9B07AB2D26BD8FB90050F768 /* Utils */,
				9B07AB2626BD87580050F768 /* View controllers  */,
				9B07AB3826BDA1920050F768 /* Views */,
			);
			path = VKPhotos;
			sourceTree = "<group>";
		};
		9B07AB2326BD86D40050F768 /* Storyboards */ = {
			isa = PBXGroup;
			children = (
				9B07AB1526BD39A50050F768 /* Main.storyboard */,
				9B07AB1A26BD39A60050F768 /* LaunchScreen.storyboard */,
			);
			path = Storyboards;
			sourceTree = "<group>";
		};
		9B07AB2426BD86E20050F768 /* Resources */ = {
			isa = PBXGroup;
			children = (
				9B07AB1826BD39A60050F768 /* Assets.xcassets */,
			);
			path = Resources;
			sourceTree = "<group>";
		};
		9B07AB2626BD87580050F768 /* View controllers  */ = {
			isa = PBXGroup;
			children = (
				9B07AB3026BD9B4A0050F768 /* SplashScreenViewController.swift */,
				9B07AB3226BD9FD10050F768 /* LoginViewController.swift */,
				9B07AB3626BDA06D0050F768 /* PhotosViewController.swift */,
				9B07AB4F26BEA7AF0050F768 /* DetailPhotoViewController.swift */,
			);
			path = "View controllers ";
			sourceTree = "<group>";
		};
		9B07AB2726BD8BCF0050F768 /* Delegates */ = {
			isa = PBXGroup;
			children = (
				9B07AB0F26BD39A50050F768 /* AppDelegate.swift */,
				9B07AB1126BD39A50050F768 /* SceneDelegate.swift */,
				9B07AB2826BD8EB90050F768 /* VKDelegate.swift */,
			);
			path = Delegates;
			sourceTree = "<group>";
		};
		9B07AB2D26BD8FB90050F768 /* Utils */ = {
			isa = PBXGroup;
			children = (
				9B07AB2B26BD8F5A0050F768 /* VKHelper.swift */,
				9B07AB2E26BD90880050F768 /* Utils.swift */,
			);
			path = Utils;
			sourceTree = "<group>";
		};
		9B07AB3826BDA1920050F768 /* Views */ = {
			isa = PBXGroup;
			children = (
				9B07AB4626BE495C0050F768 /* SquarePhotoCell */,
				9B07AB3926BDA19A0050F768 /* VKLoginButton */,
			);
			path = Views;
			sourceTree = "<group>";
		};
		9B07AB3926BDA19A0050F768 /* VKLoginButton */ = {
			isa = PBXGroup;
			children = (
				9B07AB3A26BDA2350050F768 /* VKLoginButton.swift */,
				9B07AB3C26BDA24F0050F768 /* VKLoginButton.xib */,
			);
			path = VKLoginButton;
			sourceTree = "<group>";
		};
		9B07AB3E26BDAC7B0050F768 /* Extensions */ = {
			isa = PBXGroup;
			children = (
				9B07AB3F26BDAC940050F768 /* UIColorExtensions.swift */,
			);
			path = Extensions;
			sourceTree = "<group>";
		};
		9B07AB4126BDBF430050F768 /* Models */ = {
			isa = PBXGroup;
			children = (
				9B07AB4226BDBFD50050F768 /* Photos.swift */,
				9B07AB4B26BE81860050F768 /* UserData.swift */,
				9B07AB4D26BE92FC0050F768 /* PhotosModel.swift */,
			);
			path = Models;
			sourceTree = "<group>";
		};
		9B07AB4626BE495C0050F768 /* SquarePhotoCell */ = {
			isa = PBXGroup;
			children = (
				9B07AB4726BE49D70050F768 /* SquarePhotoCell.swift */,
				9B07AB4826BE49D70050F768 /* SquarePhotoCell.xib */,
			);
			path = SquarePhotoCell;
			sourceTree = "<group>";
		};
		EE6BBF6EC9F6AFA2B2DF90AF /* Pods */ = {
			isa = PBXGroup;
			children = (
				CE2093DE97DB0FC14475DFB7 /* Pods-VKPhotos.debug.xcconfig */,
				2DA3BA9D75FAD34246ED4B6C /* Pods-VKPhotos.release.xcconfig */,
			);
			path = Pods;
			sourceTree = "<group>";
		};
/* End PBXGroup section */

/* Begin PBXNativeTarget section */
		9B07AB0B26BD39A50050F768 /* VKPhotos */ = {
			isa = PBXNativeTarget;
			buildConfigurationList = 9B07AB2026BD39A60050F768 /* Build configuration list for PBXNativeTarget "VKPhotos" */;
			buildPhases = (
				C68742976493A296DC7F5D29 /* [CP] Check Pods Manifest.lock */,
				9B07AB0826BD39A50050F768 /* Sources */,
				9B07AB0926BD39A50050F768 /* Frameworks */,
				9B07AB0A26BD39A50050F768 /* Resources */,
				2E76F32905396F5FF2988E30 /* [CP] Embed Pods Frameworks */,
			);
			buildRules = (
			);
			dependencies = (
			);
			name = VKPhotos;
			productName = VKPhotos;
			productReference = 9B07AB0C26BD39A50050F768 /* VKPhotos.app */;
			productType = "com.apple.product-type.application";
		};
/* End PBXNativeTarget section */

/* Begin PBXProject section */
		9B07AB0426BD39A50050F768 /* Project object */ = {
			isa = PBXProject;
			attributes = {
				LastSwiftUpdateCheck = 1250;
				LastUpgradeCheck = 1250;
				TargetAttributes = {
					9B07AB0B26BD39A50050F768 = {
						CreatedOnToolsVersion = 12.5.1;
					};
				};
			};
			buildConfigurationList = 9B07AB0726BD39A50050F768 /* Build configuration list for PBXProject "VKPhotos" */;
			compatibilityVersion = "Xcode 9.3";
			developmentRegion = en;
			hasScannedForEncodings = 0;
			knownRegions = (
				en,
				Base,
			);
			mainGroup = 9B07AB0326BD39A50050F768;
			productRefGroup = 9B07AB0D26BD39A50050F768 /* Products */;
			projectDirPath = "";
			projectRoot = "";
			targets = (
				9B07AB0B26BD39A50050F768 /* VKPhotos */,
			);
		};
/* End PBXProject section */

/* Begin PBXResourcesBuildPhase section */
		9B07AB0A26BD39A50050F768 /* Resources */ = {
			isa = PBXResourcesBuildPhase;
			buildActionMask = 2147483647;
			files = (
				9B07AB3D26BDA24F0050F768 /* VKLoginButton.xib in Resources */,
				9B07AB1C26BD39A60050F768 /* LaunchScreen.storyboard in Resources */,
				9B07AB4A26BE49D70050F768 /* SquarePhotoCell.xib in Resources */,
				9B07AB1926BD39A60050F768 /* Assets.xcassets in Resources */,
				9B07AB1726BD39A50050F768 /* Main.storyboard in Resources */,
			);
			runOnlyForDeploymentPostprocessing = 0;
		};
/* End PBXResourcesBuildPhase section */

/* Begin PBXShellScriptBuildPhase section */
		2E76F32905396F5FF2988E30 /* [CP] Embed Pods Frameworks */ = {
			isa = PBXShellScriptBuildPhase;
			buildActionMask = 2147483647;
			files = (
			);
			inputFileListPaths = (
				"${PODS_ROOT}/Target Support Files/Pods-VKPhotos/Pods-VKPhotos-frameworks-${CONFIGURATION}-input-files.xcfilelist",
			);
			name = "[CP] Embed Pods Frameworks";
			outputFileListPaths = (
				"${PODS_ROOT}/Target Support Files/Pods-VKPhotos/Pods-VKPhotos-frameworks-${CONFIGURATION}-output-files.xcfilelist",
			);
			runOnlyForDeploymentPostprocessing = 0;
			shellPath = /bin/sh;
			shellScript = "\"${PODS_ROOT}/Target Support Files/Pods-VKPhotos/Pods-VKPhotos-frameworks.sh\"\n";
			showEnvVarsInLog = 0;
		};
		C68742976493A296DC7F5D29 /* [CP] Check Pods Manifest.lock */ = {
			isa = PBXShellScriptBuildPhase;
			buildActionMask = 2147483647;
			files = (
			);
			inputFileListPaths = (
			);
			inputPaths = (
				"${PODS_PODFILE_DIR_PATH}/Podfile.lock",
				"${PODS_ROOT}/Manifest.lock",
			);
			name = "[CP] Check Pods Manifest.lock";
			outputFileListPaths = (
			);
			outputPaths = (
				"$(DERIVED_FILE_DIR)/Pods-VKPhotos-checkManifestLockResult.txt",
			);
			runOnlyForDeploymentPostprocessing = 0;
			shellPath = /bin/sh;
			shellScript = "diff \"${PODS_PODFILE_DIR_PATH}/Podfile.lock\" \"${PODS_ROOT}/Manifest.lock\" > /dev/null\nif [ $? != 0 ] ; then\n    # print error to STDERR\n    echo \"error: The sandbox is not in sync with the Podfile.lock. Run 'pod install' or update your CocoaPods installation.\" >&2\n    exit 1\nfi\n# This output is used by Xcode 'outputs' to avoid re-running this script phase.\necho \"SUCCESS\" > \"${SCRIPT_OUTPUT_FILE_0}\"\n";
			showEnvVarsInLog = 0;
		};
/* End PBXShellScriptBuildPhase section */

/* Begin PBXSourcesBuildPhase section */
		9B07AB0826BD39A50050F768 /* Sources */ = {
			isa = PBXSourcesBuildPhase;
			buildActionMask = 2147483647;
			files = (
				9B07AB4E26BE92FC0050F768 /* PhotosModel.swift in Sources */,
				9B07AB4C26BE81860050F768 /* UserData.swift in Sources */,
				9B07AB3B26BDA2350050F768 /* VKLoginButton.swift in Sources */,
				9B07AB3326BD9FD10050F768 /* LoginViewController.swift in Sources */,
				9B07AB3726BDA06D0050F768 /* PhotosViewController.swift in Sources */,
				9B07AB4926BE49D70050F768 /* SquarePhotoCell.swift in Sources */,
				9B07AB1026BD39A50050F768 /* AppDelegate.swift in Sources */,
				9B07AB3126BD9B4A0050F768 /* SplashScreenViewController.swift in Sources */,
				9B07AB4326BDBFD50050F768 /* Photos.swift in Sources */,
				9B07AB2C26BD8F5A0050F768 /* VKHelper.swift in Sources */,
				9B07AB1226BD39A50050F768 /* SceneDelegate.swift in Sources */,
				9B07AB2926BD8EB90050F768 /* VKDelegate.swift in Sources */,
				9B07AB5026BEA7AF0050F768 /* DetailPhotoViewController.swift in Sources */,
				9B07AB2F26BD90880050F768 /* Utils.swift in Sources */,
				9B07AB4026BDAC940050F768 /* UIColorExtensions.swift in Sources */,
			);
			runOnlyForDeploymentPostprocessing = 0;
		};
/* End PBXSourcesBuildPhase section */

/* Begin PBXVariantGroup section */
		9B07AB1526BD39A50050F768 /* Main.storyboard */ = {
			isa = PBXVariantGroup;
			children = (
				9B07AB1626BD39A50050F768 /* Base */,
			);
			name = Main.storyboard;
			sourceTree = "<group>";
		};
		9B07AB1A26BD39A60050F768 /* LaunchScreen.storyboard */ = {
			isa = PBXVariantGroup;
			children = (
				9B07AB1B26BD39A60050F768 /* Base */,
			);
			name = LaunchScreen.storyboard;
			sourceTree = "<group>";
		};
/* End PBXVariantGroup section */

/* Begin XCBuildConfiguration section */
		9B07AB1E26BD39A60050F768 /* Debug */ = {
			isa = XCBuildConfiguration;
			buildSettings = {
				ALWAYS_SEARCH_USER_PATHS = NO;
				CLANG_ANALYZER_NONNULL = YES;
				CLANG_ANALYZER_NUMBER_OBJECT_CONVERSION = YES_AGGRESSIVE;
				CLANG_CXX_LANGUAGE_STANDARD = "gnu++14";
				CLANG_CXX_LIBRARY = "libc++";
				CLANG_ENABLE_MODULES = YES;
				CLANG_ENABLE_OBJC_ARC = YES;
				CLANG_ENABLE_OBJC_WEAK = YES;
				CLANG_WARN_BLOCK_CAPTURE_AUTORELEASING = YES;
				CLANG_WARN_BOOL_CONVERSION = YES;
				CLANG_WARN_COMMA = YES;
				CLANG_WARN_CONSTANT_CONVERSION = YES;
				CLANG_WARN_DEPRECATED_OBJC_IMPLEMENTATIONS = YES;
				CLANG_WARN_DIRECT_OBJC_ISA_USAGE = YES_ERROR;
				CLANG_WARN_DOCUMENTATION_COMMENTS = YES;
				CLANG_WARN_EMPTY_BODY = YES;
				CLANG_WARN_ENUM_CONVERSION = YES;
				CLANG_WARN_INFINITE_RECURSION = YES;
				CLANG_WARN_INT_CONVERSION = YES;
				CLANG_WARN_NON_LITERAL_NULL_CONVERSION = YES;
				CLANG_WARN_OBJC_IMPLICIT_RETAIN_SELF = YES;
				CLANG_WARN_OBJC_LITERAL_CONVERSION = YES;
				CLANG_WARN_OBJC_ROOT_CLASS = YES_ERROR;
				CLANG_WARN_QUOTED_INCLUDE_IN_FRAMEWORK_HEADER = YES;
				CLANG_WARN_RANGE_LOOP_ANALYSIS = YES;
				CLANG_WARN_STRICT_PROTOTYPES = YES;
				CLANG_WARN_SUSPICIOUS_MOVE = YES;
				CLANG_WARN_UNGUARDED_AVAILABILITY = YES_AGGRESSIVE;
				CLANG_WARN_UNREACHABLE_CODE = YES;
				CLANG_WARN__DUPLICATE_METHOD_MATCH = YES;
				COPY_PHASE_STRIP = NO;
				DEBUG_INFORMATION_FORMAT = dwarf;
				ENABLE_STRICT_OBJC_MSGSEND = YES;
				ENABLE_TESTABILITY = YES;
				GCC_C_LANGUAGE_STANDARD = gnu11;
				GCC_DYNAMIC_NO_PIC = NO;
				GCC_NO_COMMON_BLOCKS = YES;
				GCC_OPTIMIZATION_LEVEL = 0;
				GCC_PREPROCESSOR_DEFINITIONS = (
					"DEBUG=1",
					"$(inherited)",
				);
				GCC_WARN_64_TO_32_BIT_CONVERSION = YES;
				GCC_WARN_ABOUT_RETURN_TYPE = YES_ERROR;
				GCC_WARN_UNDECLARED_SELECTOR = YES;
				GCC_WARN_UNINITIALIZED_AUTOS = YES_AGGRESSIVE;
				GCC_WARN_UNUSED_FUNCTION = YES;
				GCC_WARN_UNUSED_VARIABLE = YES;
				IPHONEOS_DEPLOYMENT_TARGET = 14.5;
				MTL_ENABLE_DEBUG_INFO = INCLUDE_SOURCE;
				MTL_FAST_MATH = YES;
				ONLY_ACTIVE_ARCH = YES;
				SDKROOT = iphoneos;
				SWIFT_ACTIVE_COMPILATION_CONDITIONS = DEBUG;
				SWIFT_OPTIMIZATION_LEVEL = "-Onone";
			};
			name = Debug;
		};
		9B07AB1F26BD39A60050F768 /* Release */ = {
			isa = XCBuildConfiguration;
			buildSettings = {
				ALWAYS_SEARCH_USER_PATHS = NO;
				CLANG_ANALYZER_NONNULL = YES;
				CLANG_ANALYZER_NUMBER_OBJECT_CONVERSION = YES_AGGRESSIVE;
				CLANG_CXX_LANGUAGE_STANDARD = "gnu++14";
				CLANG_CXX_LIBRARY = "libc++";
				CLANG_ENABLE_MODULES = YES;
				CLANG_ENABLE_OBJC_ARC = YES;
				CLANG_ENABLE_OBJC_WEAK = YES;
				CLANG_WARN_BLOCK_CAPTURE_AUTORELEASING = YES;
				CLANG_WARN_BOOL_CONVERSION = YES;
				CLANG_WARN_COMMA = YES;
				CLANG_WARN_CONSTANT_CONVERSION = YES;
				CLANG_WARN_DEPRECATED_OBJC_IMPLEMENTATIONS = YES;
				CLANG_WARN_DIRECT_OBJC_ISA_USAGE = YES_ERROR;
				CLANG_WARN_DOCUMENTATION_COMMENTS = YES;
				CLANG_WARN_EMPTY_BODY = YES;
				CLANG_WARN_ENUM_CONVERSION = YES;
				CLANG_WARN_INFINITE_RECURSION = YES;
				CLANG_WARN_INT_CONVERSION = YES;
				CLANG_WARN_NON_LITERAL_NULL_CONVERSION = YES;
				CLANG_WARN_OBJC_IMPLICIT_RETAIN_SELF = YES;
				CLANG_WARN_OBJC_LITERAL_CONVERSION = YES;
				CLANG_WARN_OBJC_ROOT_CLASS = YES_ERROR;
				CLANG_WARN_QUOTED_INCLUDE_IN_FRAMEWORK_HEADER = YES;
				CLANG_WARN_RANGE_LOOP_ANALYSIS = YES;
				CLANG_WARN_STRICT_PROTOTYPES = YES;
				CLANG_WARN_SUSPICIOUS_MOVE = YES;
				CLANG_WARN_UNGUARDED_AVAILABILITY = YES_AGGRESSIVE;
				CLANG_WARN_UNREACHABLE_CODE = YES;
				CLANG_WARN__DUPLICATE_METHOD_MATCH = YES;
				COPY_PHASE_STRIP = NO;
				DEBUG_INFORMATION_FORMAT = "dwarf-with-dsym";
				ENABLE_NS_ASSERTIONS = NO;
				ENABLE_STRICT_OBJC_MSGSEND = YES;
				GCC_C_LANGUAGE_STANDARD = gnu11;
				GCC_NO_COMMON_BLOCKS = YES;
				GCC_WARN_64_TO_32_BIT_CONVERSION = YES;
				GCC_WARN_ABOUT_RETURN_TYPE = YES_ERROR;
				GCC_WARN_UNDECLARED_SELECTOR = YES;
				GCC_WARN_UNINITIALIZED_AUTOS = YES_AGGRESSIVE;
				GCC_WARN_UNUSED_FUNCTION = YES;
				GCC_WARN_UNUSED_VARIABLE = YES;
				IPHONEOS_DEPLOYMENT_TARGET = 14.5;
				MTL_ENABLE_DEBUG_INFO = NO;
				MTL_FAST_MATH = YES;
				SDKROOT = iphoneos;
				SWIFT_COMPILATION_MODE = wholemodule;
				SWIFT_OPTIMIZATION_LEVEL = "-O";
				VALIDATE_PRODUCT = YES;
			};
			name = Release;
		};
		9B07AB2126BD39A60050F768 /* Debug */ = {
			isa = XCBuildConfiguration;
			baseConfigurationReference = CE2093DE97DB0FC14475DFB7 /* Pods-VKPhotos.debug.xcconfig */;
			buildSettings = {
				ASSETCATALOG_COMPILER_APPICON_NAME = AppIcon;
				ASSETCATALOG_COMPILER_GLOBAL_ACCENT_COLOR_NAME = AccentColor;
				CODE_SIGN_STYLE = Automatic;
				DEVELOPMENT_TEAM = N48552PM44;
				INFOPLIST_FILE = VKPhotos/Info.plist;
				IPHONEOS_DEPLOYMENT_TARGET = 13.0;
				LD_RUNPATH_SEARCH_PATHS = (
					"$(inherited)",
					"@executable_path/Frameworks",
				);
				PRODUCT_BUNDLE_IDENTIFIER = com.plankton4.vkPhotos;
				PRODUCT_NAME = "$(TARGET_NAME)";
				SWIFT_VERSION = 5.0;
				TARGETED_DEVICE_FAMILY = 1;
			};
			name = Debug;
		};
		9B07AB2226BD39A60050F768 /* Release */ = {
			isa = XCBuildConfiguration;
			baseConfigurationReference = 2DA3BA9D75FAD34246ED4B6C /* Pods-VKPhotos.release.xcconfig */;
			buildSettings = {
				ASSETCATALOG_COMPILER_APPICON_NAME = AppIcon;
				ASSETCATALOG_COMPILER_GLOBAL_ACCENT_COLOR_NAME = AccentColor;
				CODE_SIGN_STYLE = Automatic;
				DEVELOPMENT_TEAM = N48552PM44;
				INFOPLIST_FILE = VKPhotos/Info.plist;
				IPHONEOS_DEPLOYMENT_TARGET = 13.0;
				LD_RUNPATH_SEARCH_PATHS = (
					"$(inherited)",
					"@executable_path/Frameworks",
				);
				PRODUCT_BUNDLE_IDENTIFIER = com.plankton4.vkPhotos;
				PRODUCT_NAME = "$(TARGET_NAME)";
				SWIFT_VERSION = 5.0;
				TARGETED_DEVICE_FAMILY = 1;
			};
			name = Release;
		};
/* End XCBuildConfiguration section */

/* Begin XCConfigurationList section */
		9B07AB0726BD39A50050F768 /* Build configuration list for PBXProject "VKPhotos" */ = {
			isa = XCConfigurationList;
			buildConfigurations = (
				9B07AB1E26BD39A60050F768 /* Debug */,
				9B07AB1F26BD39A60050F768 /* Release */,
			);
			defaultConfigurationIsVisible = 0;
			defaultConfigurationName = Release;
		};
		9B07AB2026BD39A60050F768 /* Build configuration list for PBXNativeTarget "VKPhotos" */ = {
			isa = XCConfigurationList;
			buildConfigurations = (
				9B07AB2126BD39A60050F768 /* Debug */,
				9B07AB2226BD39A60050F768 /* Release */,
			);
			defaultConfigurationIsVisible = 0;
			defaultConfigurationName = Release;
		};
/* End XCConfigurationList section */
	};
	rootObject = 9B07AB0426BD39A50050F768 /* Project object */;
}
